
Microsoft Visual Studio Solution File, Format Version 12.00
# Visual Studio 15
VisualStudioVersion = 15.0.27703.2042
MinimumVisualStudioVersion = 10.0.40219.1
Project("{FAE04EC0-301F-11D3-BF4B-00C04F79EFBC}") = "cSharpOptionalParamDemo", "cSharpOptionalParamDemo\cSharpOptionalParamDemo.csproj", "{FDEFEBF7-3483-45AE-9EFA-2A3777F67B07}"
EndProject
Global
	GlobalSection(SolutionConfigurationPlatforms) = preSolution
		Debug|Any CPU = Debug|Any CPU
		Release|Any CPU = Release|Any CPU
	EndGlobalSection
	GlobalSection(ProjectConfigurationPlatforms) = postSolution
		{FDEFEBF7-3483-45AE-9EFA-2A3777F67B07}.Debug|Any CPU.ActiveCfg = Debug|Any CPU
		{FDEFEBF7-3483-45AE-9EFA-2A3777F67B07}.Debug|Any CPU.Build.0 = Debug|Any CPU
		{FDEFEBF7-3483-45AE-9EFA-2A3777F67B07}.Release|Any CPU.ActiveCfg = Release|Any CPU
		{FDEFEBF7-3483-45AE-9EFA-2A3777F67B07}.Release|Any CPU.Build.0 = Release|Any CPU
	EndGlobalSection
	GlobalSection(SolutionProperties) = preSolution
		HideSolutionNode = FALSE
	EndGlobalSection
	GlobalSection(ExtensibilityGlobals) = postSolution
		SolutionGuid = {1277ED0D-B2C7-457C-BCB8-4D72D43B6630}
	EndGlobalSection
EndGlobal
