
Microsoft Visual Studio Solution File, Format Version 12.00
# Visual Studio 15
VisualStudioVersion = 15.0.27703.2042
MinimumVisualStudioVersion = 10.0.40219.1
Project("{FAE04EC0-301F-11D3-BF4B-00C04F79EFBC}") = "ConstructorChainDemo", "ConstructorChainDemo\ConstructorChainDemo.csproj", "{CC7E3B29-085C-4DC2-8E7C-FFB62A01439D}"
EndProject
Global
	GlobalSection(SolutionConfigurationPlatforms) = preSolution
		Debug|Any CPU = Debug|Any CPU
		Release|Any CPU = Release|Any CPU
	EndGlobalSection
	GlobalSection(ProjectConfigurationPlatforms) = postSolution
		{CC7E3B29-085C-4DC2-8E7C-FFB62A01439D}.Debug|Any CPU.ActiveCfg = Debug|Any CPU
		{CC7E3B29-085C-4DC2-8E7C-FFB62A01439D}.Debug|Any CPU.Build.0 = Debug|Any CPU
		{CC7E3B29-085C-4DC2-8E7C-FFB62A01439D}.Release|Any CPU.ActiveCfg = Release|Any CPU
		{CC7E3B29-085C-4DC2-8E7C-FFB62A01439D}.Release|Any CPU.Build.0 = Release|Any CPU
	EndGlobalSection
	GlobalSection(SolutionProperties) = preSolution
		HideSolutionNode = FALSE
	EndGlobalSection
	GlobalSection(ExtensibilityGlobals) = postSolution
		SolutionGuid = {2ACF5914-1D6A-4099-AF3F-C2ED6B991423}
	EndGlobalSection
EndGlobal
