
Microsoft Visual Studio Solution File, Format Version 12.00
# Visual Studio 15
VisualStudioVersion = 15.0.27703.2042
MinimumVisualStudioVersion = 10.0.40219.1
Project("{FAE04EC0-301F-11D3-BF4B-00C04F79EFBC}") = "EnumDemo", "EnumDemo\EnumDemo.csproj", "{F95EEF6B-096F-487E-A3EE-BC5EDEA9ECE7}"
EndProject
Global
	GlobalSection(SolutionConfigurationPlatforms) = preSolution
		Debug|Any CPU = Debug|Any CPU
		Release|Any CPU = Release|Any CPU
	EndGlobalSection
	GlobalSection(ProjectConfigurationPlatforms) = postSolution
		{F95EEF6B-096F-487E-A3EE-BC5EDEA9ECE7}.Debug|Any CPU.ActiveCfg = Debug|Any CPU
		{F95EEF6B-096F-487E-A3EE-BC5EDEA9ECE7}.Debug|Any CPU.Build.0 = Debug|Any CPU
		{F95EEF6B-096F-487E-A3EE-BC5EDEA9ECE7}.Release|Any CPU.ActiveCfg = Release|Any CPU
		{F95EEF6B-096F-487E-A3EE-BC5EDEA9ECE7}.Release|Any CPU.Build.0 = Release|Any CPU
	EndGlobalSection
	GlobalSection(SolutionProperties) = preSolution
		HideSolutionNode = FALSE
	EndGlobalSection
	GlobalSection(ExtensibilityGlobals) = postSolution
		SolutionGuid = {659EF719-BDF2-4A52-9C06-9DEC3C27DF85}
	EndGlobalSection
EndGlobal
