
Microsoft Visual Studio Solution File, Format Version 12.00
# Visual Studio 15
VisualStudioVersion = 15.0.27703.2042
MinimumVisualStudioVersion = 10.0.40219.1
Project("{FAE04EC0-301F-11D3-BF4B-00C04F79EFBC}") = "cSharpMethodDemo2", "cSharpMethodDemo2\cSharpMethodDemo2.csproj", "{B464B1A6-A1BD-4DC3-928A-2637514F796A}"
EndProject
Global
	GlobalSection(SolutionConfigurationPlatforms) = preSolution
		Debug|Any CPU = Debug|Any CPU
		Release|Any CPU = Release|Any CPU
	EndGlobalSection
	GlobalSection(ProjectConfigurationPlatforms) = postSolution
		{B464B1A6-A1BD-4DC3-928A-2637514F796A}.Debug|Any CPU.ActiveCfg = Debug|Any CPU
		{B464B1A6-A1BD-4DC3-928A-2637514F796A}.Debug|Any CPU.Build.0 = Debug|Any CPU
		{B464B1A6-A1BD-4DC3-928A-2637514F796A}.Release|Any CPU.ActiveCfg = Release|Any CPU
		{B464B1A6-A1BD-4DC3-928A-2637514F796A}.Release|Any CPU.Build.0 = Release|Any CPU
	EndGlobalSection
	GlobalSection(SolutionProperties) = preSolution
		HideSolutionNode = FALSE
	EndGlobalSection
	GlobalSection(ExtensibilityGlobals) = postSolution
		SolutionGuid = {F7075D14-0B36-4E4F-A860-6B5226CAC8F6}
	EndGlobalSection
EndGlobal
