
Microsoft Visual Studio Solution File, Format Version 12.00
# Visual Studio 15
VisualStudioVersion = 15.0.27703.2042
MinimumVisualStudioVersion = 10.0.40219.1
Project("{FAE04EC0-301F-11D3-BF4B-00C04F79EFBC}") = "cSharpStringDemo", "cSharpStringDemo\cSharpStringDemo.csproj", "{EE39D356-9751-4C97-A864-20EB7E022247}"
EndProject
Global
	GlobalSection(SolutionConfigurationPlatforms) = preSolution
		Debug|Any CPU = Debug|Any CPU
		Release|Any CPU = Release|Any CPU
	EndGlobalSection
	GlobalSection(ProjectConfigurationPlatforms) = postSolution
		{EE39D356-9751-4C97-A864-20EB7E022247}.Debug|Any CPU.ActiveCfg = Debug|Any CPU
		{EE39D356-9751-4C97-A864-20EB7E022247}.Debug|Any CPU.Build.0 = Debug|Any CPU
		{EE39D356-9751-4C97-A864-20EB7E022247}.Release|Any CPU.ActiveCfg = Release|Any CPU
		{EE39D356-9751-4C97-A864-20EB7E022247}.Release|Any CPU.Build.0 = Release|Any CPU
	EndGlobalSection
	GlobalSection(SolutionProperties) = preSolution
		HideSolutionNode = FALSE
	EndGlobalSection
	GlobalSection(ExtensibilityGlobals) = postSolution
		SolutionGuid = {20AA86D1-CF28-42E3-B00D-352D53EE0CE9}
	EndGlobalSection
EndGlobal
