
Microsoft Visual Studio Solution File, Format Version 12.00
# Visual Studio 15
VisualStudioVersion = 15.0.27703.2042
MinimumVisualStudioVersion = 10.0.40219.1
Project("{FAE04EC0-301F-11D3-BF4B-00C04F79EFBC}") = "cSharpIterationDemo", "cSharpIterationDemo\cSharpIterationDemo.csproj", "{47E8CD59-5C8D-4C18-AEC7-89B37E099061}"
EndProject
Global
	GlobalSection(SolutionConfigurationPlatforms) = preSolution
		Debug|Any CPU = Debug|Any CPU
		Release|Any CPU = Release|Any CPU
	EndGlobalSection
	GlobalSection(ProjectConfigurationPlatforms) = postSolution
		{47E8CD59-5C8D-4C18-AEC7-89B37E099061}.Debug|Any CPU.ActiveCfg = Debug|Any CPU
		{47E8CD59-5C8D-4C18-AEC7-89B37E099061}.Debug|Any CPU.Build.0 = Debug|Any CPU
		{47E8CD59-5C8D-4C18-AEC7-89B37E099061}.Release|Any CPU.ActiveCfg = Release|Any CPU
		{47E8CD59-5C8D-4C18-AEC7-89B37E099061}.Release|Any CPU.Build.0 = Release|Any CPU
	EndGlobalSection
	GlobalSection(SolutionProperties) = preSolution
		HideSolutionNode = FALSE
	EndGlobalSection
	GlobalSection(ExtensibilityGlobals) = postSolution
		SolutionGuid = {3DE0B943-D413-4608-A659-BBBF666E4E4B}
	EndGlobalSection
EndGlobal
